// !$*UTF8*$!
{
	archiveVersion = 1;
	classes = {
	};
	objectVersion = 56;
	objects = {

/* Begin PBXBuildFile section */
		60802F3F2C1638EE00C541A5 /* Pods_runningProject.framework in Frameworks */ = {isa = PBXBuildFile; fileRef = A97DD7207BC96ED722B0A507 /* Pods_runningProject.framework */; };
		60C392212C0993DF00465156 /* App.swift in Sources */ = {isa = PBXBuildFile; fileRef = 60C392202C0993DF00465156 /* App.swift */; };
		60C392252C0993E000465156 /* Assets.xcassets in Resources */ = {isa = PBXBuildFile; fileRef = 60C392242C0993E000465156 /* Assets.xcassets */; };
		60C392282C0993E000465156 /* Preview Assets.xcassets in Resources */ = {isa = PBXBuildFile; fileRef = 60C392272C0993E000465156 /* Preview Assets.xcassets */; };
		60C392322C0AFAB300465156 /* RootFeature.swift in Sources */ = {isa = PBXBuildFile; fileRef = 60C392312C0AFAB300465156 /* RootFeature.swift */; };
		60CB78302C123EF100BEA49B /* BusView.swift in Sources */ = {isa = PBXBuildFile; fileRef = 60CB782F2C123EF100BEA49B /* BusView.swift */; };
		60CB78322C12BB8F00BEA49B /* BusFeature.swift in Sources */ = {isa = PBXBuildFile; fileRef = 60CB78312C12BB8F00BEA49B /* BusFeature.swift */; };
		60CB78342C12CBE600BEA49B /* RootView.swift in Sources */ = {isa = PBXBuildFile; fileRef = 60CB78332C12CBE600BEA49B /* RootView.swift */; };
		60CB783A2C12DE6400BEA49B /* Model.swift in Sources */ = {isa = PBXBuildFile; fileRef = 60CB78392C12DE6400BEA49B /* Model.swift */; };
		60CB783C2C134D9800BEA49B /* ApiClient.swift in Sources */ = {isa = PBXBuildFile; fileRef = 60CB783B2C134D9800BEA49B /* ApiClient.swift */; };
		60CB78412C13534A00BEA49B /* ComposableArchitecture in Frameworks */ = {isa = PBXBuildFile; productRef = 60CB78402C13534A00BEA49B /* ComposableArchitecture */; };
/* End PBXBuildFile section */

/* Begin PBXFileReference section */
		60C3921D2C0993DF00465156 /* TransportProject.app */ = {isa = PBXFileReference; explicitFileType = wrapper.application; includeInIndex = 0; path = TransportProject.app; sourceTree = BUILT_PRODUCTS_DIR; };
		60C392202C0993DF00465156 /* App.swift */ = {isa = PBXFileReference; lastKnownFileType = sourcecode.swift; path = App.swift; sourceTree = "<group>"; };
		60C392242C0993E000465156 /* Assets.xcassets */ = {isa = PBXFileReference; lastKnownFileType = folder.assetcatalog; path = Assets.xcassets; sourceTree = "<group>"; };
		60C392272C0993E000465156 /* Preview Assets.xcassets */ = {isa = PBXFileReference; lastKnownFileType = folder.assetcatalog; path = "Preview Assets.xcassets"; sourceTree = "<group>"; };
		60C392312C0AFAB300465156 /* RootFeature.swift */ = {isa = PBXFileReference; lastKnownFileType = sourcecode.swift; path = RootFeature.swift; sourceTree = "<group>"; };
		60CB782F2C123EF100BEA49B /* BusView.swift */ = {isa = PBXFileReference; lastKnownFileType = sourcecode.swift; path = BusView.swift; sourceTree = "<group>"; };
		60CB78312C12BB8F00BEA49B /* BusFeature.swift */ = {isa = PBXFileReference; lastKnownFileType = sourcecode.swift; path = BusFeature.swift; sourceTree = "<group>"; };
		60CB78332C12CBE600BEA49B /* RootView.swift */ = {isa = PBXFileReference; lastKnownFileType = sourcecode.swift; path = RootView.swift; sourceTree = "<group>"; };
		60CB78392C12DE6400BEA49B /* Model.swift */ = {isa = PBXFileReference; lastKnownFileType = sourcecode.swift; path = Model.swift; sourceTree = "<group>"; };
		60CB783B2C134D9800BEA49B /* ApiClient.swift */ = {isa = PBXFileReference; lastKnownFileType = sourcecode.swift; path = ApiClient.swift; sourceTree = "<group>"; };
		60CB78422C16226800BEA49B /* Info.plist */ = {isa = PBXFileReference; lastKnownFileType = text.plist; path = Info.plist; sourceTree = "<group>"; };
		7F04416330671ADA1ADCF72B /* Pods-runningProject.release.xcconfig */ = {isa = PBXFileReference; includeInIndex = 1; lastKnownFileType = text.xcconfig; name = "Pods-runningProject.release.xcconfig"; path = "Target Support Files/Pods-runningProject/Pods-runningProject.release.xcconfig"; sourceTree = "<group>"; };
		A97DD7207BC96ED722B0A507 /* Pods_runningProject.framework */ = {isa = PBXFileReference; explicitFileType = wrapper.framework; includeInIndex = 0; path = Pods_runningProject.framework; sourceTree = BUILT_PRODUCTS_DIR; };
		E408F3D841D54830B8C60A8F /* Pods-runningProject.debug.xcconfig */ = {isa = PBXFileReference; includeInIndex = 1; lastKnownFileType = text.xcconfig; name = "Pods-runningProject.debug.xcconfig"; path = "Target Support Files/Pods-runningProject/Pods-runningProject.debug.xcconfig"; sourceTree = "<group>"; };
/* End PBXFileReference section */

/* Begin PBXFrameworksBuildPhase section */
		60C3921A2C0993DF00465156 /* Frameworks */ = {
			isa = PBXFrameworksBuildPhase;
			buildActionMask = 2147483647;
			files = (
				60802F3F2C1638EE00C541A5 /* Pods_runningProject.framework in Frameworks */,
				60CB78412C13534A00BEA49B /* ComposableArchitecture in Frameworks */,
			);
			runOnlyForDeploymentPostprocessing = 0;
		};
/* End PBXFrameworksBuildPhase section */

/* Begin PBXGroup section */
		1DBE5F00E65A815C2FD883EF /* Frameworks */ = {
			isa = PBXGroup;
			children = (
				A97DD7207BC96ED722B0A507 /* Pods_runningProject.framework */,
			);
			name = Frameworks;
			sourceTree = "<group>";
		};
		60C392142C0993DF00465156 = {
			isa = PBXGroup;
			children = (
				60C3921F2C0993DF00465156 /* TransportProject */,
				60C3921E2C0993DF00465156 /* Products */,
				A6143D73D02C3FDAEE073E51 /* Pods */,
				1DBE5F00E65A815C2FD883EF /* Frameworks */,
			);
			sourceTree = "<group>";
		};
		60C3921E2C0993DF00465156 /* Products */ = {
			isa = PBXGroup;
			children = (
				60C3921D2C0993DF00465156 /* TransportProject.app */,
			);
			name = Products;
			sourceTree = "<group>";
		};
		60C3921F2C0993DF00465156 /* TransportProject */ = {
			isa = PBXGroup;
			children = (
				60CB78422C16226800BEA49B /* Info.plist */,
				60CB78362C12D99000BEA49B /* BusView */,
				60CB78352C12D93300BEA49B /* RootView */,
				60C392202C0993DF00465156 /* App.swift */,
				60C392242C0993E000465156 /* Assets.xcassets */,
				60C392262C0993E000465156 /* Preview Content */,
				60CB78392C12DE6400BEA49B /* Model.swift */,
				60CB783B2C134D9800BEA49B /* ApiClient.swift */,
			);
			path = TransportProject;
			sourceTree = "<group>";
		};
		60C392262C0993E000465156 /* Preview Content */ = {
			isa = PBXGroup;
			children = (
				60C392272C0993E000465156 /* Preview Assets.xcassets */,
			);
			path = "Preview Content";
			sourceTree = "<group>";
		};
		60CB78352C12D93300BEA49B /* RootView */ = {
			isa = PBXGroup;
			children = (
				60C392312C0AFAB300465156 /* RootFeature.swift */,
				60CB78332C12CBE600BEA49B /* RootView.swift */,
			);
			path = RootView;
			sourceTree = "<group>";
		};
		60CB78362C12D99000BEA49B /* BusView */ = {
			isa = PBXGroup;
			children = (
				60CB78312C12BB8F00BEA49B /* BusFeature.swift */,
				60CB782F2C123EF100BEA49B /* BusView.swift */,
			);
			path = BusView;
			sourceTree = "<group>";
		};
		A6143D73D02C3FDAEE073E51 /* Pods */ = {
			isa = PBXGroup;
			children = (
				E408F3D841D54830B8C60A8F /* Pods-runningProject.debug.xcconfig */,
				7F04416330671ADA1ADCF72B /* Pods-runningProject.release.xcconfig */,
			);
			path = Pods;
			sourceTree = "<group>";
		};
/* End PBXGroup section */

/* Begin PBXNativeTarget section */
		60C3921C2C0993DF00465156 /* TransportProject */ = {
			isa = PBXNativeTarget;
			buildConfigurationList = 60C3922B2C0993E000465156 /* Build configuration list for PBXNativeTarget "TransportProject" */;
			buildPhases = (
				6CE8E9B96C8B4EAD8930939B /* [CP] Check Pods Manifest.lock */,
				60C392192C0993DF00465156 /* Sources */,
				60C3921A2C0993DF00465156 /* Frameworks */,
				60C3921B2C0993DF00465156 /* Resources */,
				9779D22B3986B728658C23EF /* [CP] Embed Pods Frameworks */,
			);
			buildRules = (
			);
			dependencies = (
			);
			name = TransportProject;
			packageProductDependencies = (
				60CB78402C13534A00BEA49B /* ComposableArchitecture */,
			);
			productName = runningProject;
			productReference = 60C3921D2C0993DF00465156 /* TransportProject.app */;
			productType = "com.apple.product-type.application";
		};
/* End PBXNativeTarget section */

/* Begin PBXProject section */
		60C392152C0993DF00465156 /* Project object */ = {
			isa = PBXProject;
			attributes = {
				BuildIndependentTargetsInParallel = 1;
				LastSwiftUpdateCheck = 1530;
				LastUpgradeCheck = 1530;
				TargetAttributes = {
					60C3921C2C0993DF00465156 = {
						CreatedOnToolsVersion = 15.3;
					};
				};
			};
			buildConfigurationList = 60C392182C0993DF00465156 /* Build configuration list for PBXProject "TransportProject" */;
			compatibilityVersion = "Xcode 14.0";
			developmentRegion = en;
			hasScannedForEncodings = 0;
			knownRegions = (
				en,
				Base,
			);
			mainGroup = 60C392142C0993DF00465156;
			packageReferences = (
				60CB783F2C13534A00BEA49B /* XCRemoteSwiftPackageReference "swift-composable-architecture" */,
			);
			productRefGroup = 60C3921E2C0993DF00465156 /* Products */;
			projectDirPath = "";
			projectRoot = "";
			targets = (
				60C3921C2C0993DF00465156 /* TransportProject */,
			);
		};
/* End PBXProject section */

/* Begin PBXResourcesBuildPhase section */
		60C3921B2C0993DF00465156 /* Resources */ = {
			isa = PBXResourcesBuildPhase;
			buildActionMask = 2147483647;
			files = (
				60C392282C0993E000465156 /* Preview Assets.xcassets in Resources */,
				60C392252C0993E000465156 /* Assets.xcassets in Resources */,
			);
			runOnlyForDeploymentPostprocessing = 0;
		};
/* End PBXResourcesBuildPhase section */

/* Begin PBXShellScriptBuildPhase section */
		6CE8E9B96C8B4EAD8930939B /* [CP] Check Pods Manifest.lock */ = {
			isa = PBXShellScriptBuildPhase;
			buildActionMask = 2147483647;
			files = (
			);
			inputFileListPaths = (
			);
			inputPaths = (
				"${PODS_PODFILE_DIR_PATH}/Podfile.lock",
				"${PODS_ROOT}/Manifest.lock",
			);
			name = "[CP] Check Pods Manifest.lock";
			outputFileListPaths = (
			);
			outputPaths = (
				"$(DERIVED_FILE_DIR)/Pods-runningProject-checkManifestLockResult.txt",
			);
			runOnlyForDeploymentPostprocessing = 0;
			shellPath = /bin/sh;
			shellScript = "diff \"${PODS_PODFILE_DIR_PATH}/Podfile.lock\" \"${PODS_ROOT}/Manifest.lock\" > /dev/null\nif [ $? != 0 ] ; then\n    # print error to STDERR\n    echo \"error: The sandbox is not in sync with the Podfile.lock. Run 'pod install' or update your CocoaPods installation.\" >&2\n    exit 1\nfi\n# This output is used by Xcode 'outputs' to avoid re-running this script phase.\necho \"SUCCESS\" > \"${SCRIPT_OUTPUT_FILE_0}\"\n";
			showEnvVarsInLog = 0;
		};
		9779D22B3986B728658C23EF /* [CP] Embed Pods Frameworks */ = {
			isa = PBXShellScriptBuildPhase;
			buildActionMask = 2147483647;
			files = (
			);
			inputFileListPaths = (
				"${PODS_ROOT}/Target Support Files/Pods-runningProject/Pods-runningProject-frameworks-${CONFIGURATION}-input-files.xcfilelist",
			);
			name = "[CP] Embed Pods Frameworks";
			outputFileListPaths = (
				"${PODS_ROOT}/Target Support Files/Pods-runningProject/Pods-runningProject-frameworks-${CONFIGURATION}-output-files.xcfilelist",
			);
			runOnlyForDeploymentPostprocessing = 0;
			shellPath = /bin/sh;
			shellScript = "\"${PODS_ROOT}/Target Support Files/Pods-runningProject/Pods-runningProject-frameworks.sh\"\n";
			showEnvVarsInLog = 0;
		};
/* End PBXShellScriptBuildPhase section */

/* Begin PBXSourcesBuildPhase section */
		60C392192C0993DF00465156 /* Sources */ = {
			isa = PBXSourcesBuildPhase;
			buildActionMask = 2147483647;
			files = (
				60CB783C2C134D9800BEA49B /* ApiClient.swift in Sources */,
				60C392322C0AFAB300465156 /* RootFeature.swift in Sources */,
				60CB78342C12CBE600BEA49B /* RootView.swift in Sources */,
				60CB783A2C12DE6400BEA49B /* Model.swift in Sources */,
				60CB78302C123EF100BEA49B /* BusView.swift in Sources */,
				60CB78322C12BB8F00BEA49B /* BusFeature.swift in Sources */,
				60C392212C0993DF00465156 /* App.swift in Sources */,
			);
			runOnlyForDeploymentPostprocessing = 0;
		};
/* End PBXSourcesBuildPhase section */

/* Begin XCBuildConfiguration section */
		60C392292C0993E000465156 /* Debug */ = {
			isa = XCBuildConfiguration;
			buildSettings = {
				ALWAYS_SEARCH_USER_PATHS = NO;
				ASSETCATALOG_COMPILER_GENERATE_SWIFT_ASSET_SYMBOL_EXTENSIONS = YES;
				CLANG_ANALYZER_NONNULL = YES;
				CLANG_ANALYZER_NUMBER_OBJECT_CONVERSION = YES_AGGRESSIVE;
				CLANG_CXX_LANGUAGE_STANDARD = "gnu++20";
				CLANG_ENABLE_MODULES = YES;
				CLANG_ENABLE_OBJC_ARC = YES;
				CLANG_ENABLE_OBJC_WEAK = YES;
				CLANG_WARN_BLOCK_CAPTURE_AUTORELEASING = YES;
				CLANG_WARN_BOOL_CONVERSION = YES;
				CLANG_WARN_COMMA = YES;
				CLANG_WARN_CONSTANT_CONVERSION = YES;
				CLANG_WARN_DEPRECATED_OBJC_IMPLEMENTATIONS = YES;
				CLANG_WARN_DIRECT_OBJC_ISA_USAGE = YES_ERROR;
				CLANG_WARN_DOCUMENTATION_COMMENTS = YES;
				CLANG_WARN_EMPTY_BODY = YES;
				CLANG_WARN_ENUM_CONVERSION = YES;
				CLANG_WARN_INFINITE_RECURSION = YES;
				CLANG_WARN_INT_CONVERSION = YES;
				CLANG_WARN_NON_LITERAL_NULL_CONVERSION = YES;
				CLANG_WARN_OBJC_IMPLICIT_RETAIN_SELF = YES;
				CLANG_WARN_OBJC_LITERAL_CONVERSION = YES;
				CLANG_WARN_OBJC_ROOT_CLASS = YES_ERROR;
				CLANG_WARN_QUOTED_INCLUDE_IN_FRAMEWORK_HEADER = YES;
				CLANG_WARN_RANGE_LOOP_ANALYSIS = YES;
				CLANG_WARN_STRICT_PROTOTYPES = YES;
				CLANG_WARN_SUSPICIOUS_MOVE = YES;
				CLANG_WARN_UNGUARDED_AVAILABILITY = YES_AGGRESSIVE;
				CLANG_WARN_UNREACHABLE_CODE = YES;
				CLANG_WARN__DUPLICATE_METHOD_MATCH = YES;
				COPY_PHASE_STRIP = NO;
				DEBUG_INFORMATION_FORMAT = dwarf;
				ENABLE_STRICT_OBJC_MSGSEND = YES;
				ENABLE_TESTABILITY = YES;
				ENABLE_USER_SCRIPT_SANDBOXING = YES;
				GCC_C_LANGUAGE_STANDARD = gnu17;
				GCC_DYNAMIC_NO_PIC = NO;
				GCC_NO_COMMON_BLOCKS = YES;
				GCC_OPTIMIZATION_LEVEL = 0;
				GCC_PREPROCESSOR_DEFINITIONS = (
					"DEBUG=1",
					"$(inherited)",
				);
				GCC_WARN_64_TO_32_BIT_CONVERSION = YES;
				GCC_WARN_ABOUT_RETURN_TYPE = YES_ERROR;
				GCC_WARN_UNDECLARED_SELECTOR = YES;
				GCC_WARN_UNINITIALIZED_AUTOS = YES_AGGRESSIVE;
				GCC_WARN_UNUSED_FUNCTION = YES;
				GCC_WARN_UNUSED_VARIABLE = YES;
				IPHONEOS_DEPLOYMENT_TARGET = 17.0;
				LOCALIZATION_PREFERS_STRING_CATALOGS = YES;
				MTL_ENABLE_DEBUG_INFO = INCLUDE_SOURCE;
				MTL_FAST_MATH = YES;
				ONLY_ACTIVE_ARCH = YES;
				SDKROOT = iphoneos;
				SWIFT_ACTIVE_COMPILATION_CONDITIONS = "DEBUG $(inherited)";
				SWIFT_OPTIMIZATION_LEVEL = "-Onone";
			};
			name = Debug;
		};
		60C3922A2C0993E000465156 /* Release */ = {
			isa = XCBuildConfiguration;
			buildSettings = {
				ALWAYS_SEARCH_USER_PATHS = NO;
				ASSETCATALOG_COMPILER_GENERATE_SWIFT_ASSET_SYMBOL_EXTENSIONS = YES;
				CLANG_ANALYZER_NONNULL = YES;
				CLANG_ANALYZER_NUMBER_OBJECT_CONVERSION = YES_AGGRESSIVE;
				CLANG_CXX_LANGUAGE_STANDARD = "gnu++20";
				CLANG_ENABLE_MODULES = YES;
				CLANG_ENABLE_OBJC_ARC = YES;
				CLANG_ENABLE_OBJC_WEAK = YES;
				CLANG_WARN_BLOCK_CAPTURE_AUTORELEASING = YES;
				CLANG_WARN_BOOL_CONVERSION = YES;
				CLANG_WARN_COMMA = YES;
				CLANG_WARN_CONSTANT_CONVERSION = YES;
				CLANG_WARN_DEPRECATED_OBJC_IMPLEMENTATIONS = YES;
				CLANG_WARN_DIRECT_OBJC_ISA_USAGE = YES_ERROR;
				CLANG_WARN_DOCUMENTATION_COMMENTS = YES;
				CLANG_WARN_EMPTY_BODY = YES;
				CLANG_WARN_ENUM_CONVERSION = YES;
				CLANG_WARN_INFINITE_RECURSION = YES;
				CLANG_WARN_INT_CONVERSION = YES;
				CLANG_WARN_NON_LITERAL_NULL_CONVERSION = YES;
				CLANG_WARN_OBJC_IMPLICIT_RETAIN_SELF = YES;
				CLANG_WARN_OBJC_LITERAL_CONVERSION = YES;
				CLANG_WARN_OBJC_ROOT_CLASS = YES_ERROR;
				CLANG_WARN_QUOTED_INCLUDE_IN_FRAMEWORK_HEADER = YES;
				CLANG_WARN_RANGE_LOOP_ANALYSIS = YES;
				CLANG_WARN_STRICT_PROTOTYPES = YES;
				CLANG_WARN_SUSPICIOUS_MOVE = YES;
				CLANG_WARN_UNGUARDED_AVAILABILITY = YES_AGGRESSIVE;
				CLANG_WARN_UNREACHABLE_CODE = YES;
				CLANG_WARN__DUPLICATE_METHOD_MATCH = YES;
				COPY_PHASE_STRIP = NO;
				DEBUG_INFORMATION_FORMAT = "dwarf-with-dsym";
				ENABLE_NS_ASSERTIONS = NO;
				ENABLE_STRICT_OBJC_MSGSEND = YES;
				ENABLE_USER_SCRIPT_SANDBOXING = YES;
				GCC_C_LANGUAGE_STANDARD = gnu17;
				GCC_NO_COMMON_BLOCKS = YES;
				GCC_WARN_64_TO_32_BIT_CONVERSION = YES;
				GCC_WARN_ABOUT_RETURN_TYPE = YES_ERROR;
				GCC_WARN_UNDECLARED_SELECTOR = YES;
				GCC_WARN_UNINITIALIZED_AUTOS = YES_AGGRESSIVE;
				GCC_WARN_UNUSED_FUNCTION = YES;
				GCC_WARN_UNUSED_VARIABLE = YES;
				IPHONEOS_DEPLOYMENT_TARGET = 17.0;
				LOCALIZATION_PREFERS_STRING_CATALOGS = YES;
				MTL_ENABLE_DEBUG_INFO = NO;
				MTL_FAST_MATH = YES;
				SDKROOT = iphoneos;
				SWIFT_COMPILATION_MODE = wholemodule;
				VALIDATE_PRODUCT = YES;
			};
			name = Release;
		};
		60C3922C2C0993E000465156 /* Debug */ = {
			isa = XCBuildConfiguration;
			baseConfigurationReference = E408F3D841D54830B8C60A8F /* Pods-runningProject.debug.xcconfig */;
			buildSettings = {
				ASSETCATALOG_COMPILER_APPICON_NAME = AppIcon;
				ASSETCATALOG_COMPILER_GLOBAL_ACCENT_COLOR_NAME = AccentColor;
				CODE_SIGN_STYLE = Automatic;
				CURRENT_PROJECT_VERSION = 1;
				DEVELOPMENT_ASSET_PATHS = "\"TransportProject/Preview Content\"";
				DEVELOPMENT_TEAM = YH4A87H8M4;
				ENABLE_PREVIEWS = YES;
				ENABLE_USER_SCRIPT_SANDBOXING = NO;
				GENERATE_INFOPLIST_FILE = YES;
				INFOPLIST_FILE = TransportProject/Info.plist;
				INFOPLIST_KEY_UIApplicationSceneManifest_Generation = YES;
				INFOPLIST_KEY_UIApplicationSupportsIndirectInputEvents = YES;
				INFOPLIST_KEY_UILaunchScreen_Generation = YES;
				INFOPLIST_KEY_UISupportedInterfaceOrientations_iPad = "UIInterfaceOrientationPortrait UIInterfaceOrientationPortraitUpsideDown UIInterfaceOrientationLandscapeLeft UIInterfaceOrientationLandscapeRight";
				INFOPLIST_KEY_UISupportedInterfaceOrientations_iPhone = "UIInterfaceOrientationPortrait UIInterfaceOrientationLandscapeLeft UIInterfaceOrientationLandscapeRight";
				IPHONEOS_DEPLOYMENT_TARGET = 17.0;
				LD_RUNPATH_SEARCH_PATHS = (
					"$(inherited)",
					"@executable_path/Frameworks",
				);
				MARKETING_VERSION = 1.0;
				PRODUCT_BUNDLE_IDENTIFIER = com.wan.TransportProject;
				PRODUCT_NAME = "$(TARGET_NAME)";
				SWIFT_EMIT_LOC_STRINGS = YES;
				SWIFT_VERSION = 5.0;
				TARGETED_DEVICE_FAMILY = "1,2";
			};
			name = Debug;
		};
		60C3922D2C0993E000465156 /* Release */ = {
			isa = XCBuildConfiguration;
			baseConfigurationReference = 7F04416330671ADA1ADCF72B /* Pods-runningProject.release.xcconfig */;
			buildSettings = {
				ASSETCATALOG_COMPILER_APPICON_NAME = AppIcon;
				ASSETCATALOG_COMPILER_GLOBAL_ACCENT_COLOR_NAME = AccentColor;
				CODE_SIGN_STYLE = Automatic;
				CURRENT_PROJECT_VERSION = 1;
				DEVELOPMENT_ASSET_PATHS = "\"TransportProject/Preview Content\"";
				DEVELOPMENT_TEAM = YH4A87H8M4;
				ENABLE_PREVIEWS = YES;
				ENABLE_USER_SCRIPT_SANDBOXING = NO;
				GENERATE_INFOPLIST_FILE = YES;
				INFOPLIST_FILE = TransportProject/Info.plist;
				INFOPLIST_KEY_UIApplicationSceneManifest_Generation = YES;
				INFOPLIST_KEY_UIApplicationSupportsIndirectInputEvents = YES;
				INFOPLIST_KEY_UILaunchScreen_Generation = YES;
				INFOPLIST_KEY_UISupportedInterfaceOrientations_iPad = "UIInterfaceOrientationPortrait UIInterfaceOrientationPortraitUpsideDown UIInterfaceOrientationLandscapeLeft UIInterfaceOrientationLandscapeRight";
				INFOPLIST_KEY_UISupportedInterfaceOrientations_iPhone = "UIInterfaceOrientationPortrait UIInterfaceOrientationLandscapeLeft UIInterfaceOrientationLandscapeRight";
				IPHONEOS_DEPLOYMENT_TARGET = 17.0;
				LD_RUNPATH_SEARCH_PATHS = (
					"$(inherited)",
					"@executable_path/Frameworks",
				);
				MARKETING_VERSION = 1.0;
				PRODUCT_BUNDLE_IDENTIFIER = com.wan.TransportProject;
				PRODUCT_NAME = "$(TARGET_NAME)";
				SWIFT_EMIT_LOC_STRINGS = YES;
				SWIFT_VERSION = 5.0;
				TARGETED_DEVICE_FAMILY = "1,2";
			};
			name = Release;
		};
/* End XCBuildConfiguration section */

/* Begin XCConfigurationList section */
		60C392182C0993DF00465156 /* Build configuration list for PBXProject "TransportProject" */ = {
			isa = XCConfigurationList;
			buildConfigurations = (
				60C392292C0993E000465156 /* Debug */,
				60C3922A2C0993E000465156 /* Release */,
			);
			defaultConfigurationIsVisible = 0;
			defaultConfigurationName = Release;
		};
		60C3922B2C0993E000465156 /* Build configuration list for PBXNativeTarget "TransportProject" */ = {
			isa = XCConfigurationList;
			buildConfigurations = (
				60C3922C2C0993E000465156 /* Debug */,
				60C3922D2C0993E000465156 /* Release */,
			);
			defaultConfigurationIsVisible = 0;
			defaultConfigurationName = Release;
		};
/* End XCConfigurationList section */

/* Begin XCRemoteSwiftPackageReference section */
		60CB783F2C13534A00BEA49B /* XCRemoteSwiftPackageReference "swift-composable-architecture" */ = {
			isa = XCRemoteSwiftPackageReference;
			repositoryURL = "https://github.com/pointfreeco/swift-composable-architecture.git";
			requirement = {
				kind = upToNextMajorVersion;
				minimumVersion = 1.11.0;
			};
		};
/* End XCRemoteSwiftPackageReference section */

/* Begin XCSwiftPackageProductDependency section */
		60CB78402C13534A00BEA49B /* ComposableArchitecture */ = {
			isa = XCSwiftPackageProductDependency;
			package = 60CB783F2C13534A00BEA49B /* XCRemoteSwiftPackageReference "swift-composable-architecture" */;
			productName = ComposableArchitecture;
		};
/* End XCSwiftPackageProductDependency section */
	};
	rootObject = 60C392152C0993DF00465156 /* Project object */;
}
